
Microsoft Visual Studio Solution File, Format Version 12.00
# Visual Studio 2013
VisualStudioVersion = 12.0.30723.0
MinimumVisualStudioVersion = 10.0.40219.1
Project("{FAE04EC0-301F-11D3-BF4B-00C04F79EFBC}") = "InteropServices.MON", "InteropServices.MON\InteropServices.MON.csproj", "{84EEB4ED-D718-4A54-9335-3799CD3BD64F}"
EndProject
Project("{FAE04EC0-301F-11D3-BF4B-00C04F79EFBC}") = "InteropServices.MON.Host", "InteropServices.MON.Host\InteropServices.MON.Host.csproj", "{F569BD84-9941-465A-8B94-36A051AF150F}"
EndProject
Project("{FAE04EC0-301F-11D3-BF4B-00C04F79EFBC}") = "ConsoleTestApp", "ConsoleTestApp\ConsoleTestApp.csproj", "{A77B0974-41F3-4D9E-B8A6-BA6AC8357823}"
EndProject
Global
	GlobalSection(TeamFoundationVersionControl) = preSolution
		SccNumberOfProjects = 4
		SccEnterpriseProvider = {4CA58AB2-18FA-4F8D-95D4-32DDF27D184C}
		SccTeamFoundationServer = http://10.11.21.108:8080/tfs/defaultcollection
		SccLocalPath0 = .
		SccProjectUniqueName1 = InteropServices.MON.Host\\InteropServices.MON.Host.csproj
		SccProjectName1 = InteropServices.MON.Host
		SccLocalPath1 = InteropServices.MON.Host
		SccProjectUniqueName2 = InteropServices.MON\\InteropServices.MON.csproj
		SccProjectName2 = InteropServices.MON
		SccLocalPath2 = InteropServices.MON
		SccProjectUniqueName3 = ConsoleTestApp\\ConsoleTestApp.csproj
		SccProjectName3 = ConsoleTestApp
		SccLocalPath3 = ConsoleTestApp
	EndGlobalSection
	GlobalSection(SolutionConfigurationPlatforms) = preSolution
		Debug|Any CPU = Debug|Any CPU
		Release|Any CPU = Release|Any CPU
	EndGlobalSection
	GlobalSection(ProjectConfigurationPlatforms) = postSolution
		{84EEB4ED-D718-4A54-9335-3799CD3BD64F}.Debug|Any CPU.ActiveCfg = Debug|Any CPU
		{84EEB4ED-D718-4A54-9335-3799CD3BD64F}.Debug|Any CPU.Build.0 = Debug|Any CPU
		{84EEB4ED-D718-4A54-9335-3799CD3BD64F}.Release|Any CPU.ActiveCfg = Release|Any CPU
		{84EEB4ED-D718-4A54-9335-3799CD3BD64F}.Release|Any CPU.Build.0 = Release|Any CPU
		{F569BD84-9941-465A-8B94-36A051AF150F}.Debug|Any CPU.ActiveCfg = Debug|Any CPU
		{F569BD84-9941-465A-8B94-36A051AF150F}.Debug|Any CPU.Build.0 = Debug|Any CPU
		{F569BD84-9941-465A-8B94-36A051AF150F}.Release|Any CPU.ActiveCfg = Release|Any CPU
		{F569BD84-9941-465A-8B94-36A051AF150F}.Release|Any CPU.Build.0 = Release|Any CPU
		{A77B0974-41F3-4D9E-B8A6-BA6AC8357823}.Debug|Any CPU.ActiveCfg = Debug|Any CPU
		{A77B0974-41F3-4D9E-B8A6-BA6AC8357823}.Debug|Any CPU.Build.0 = Debug|Any CPU
		{A77B0974-41F3-4D9E-B8A6-BA6AC8357823}.Release|Any CPU.ActiveCfg = Release|Any CPU
		{A77B0974-41F3-4D9E-B8A6-BA6AC8357823}.Release|Any CPU.Build.0 = Release|Any CPU
	EndGlobalSection
	GlobalSection(SolutionProperties) = preSolution
		HideSolutionNode = FALSE
	EndGlobalSection
EndGlobal
