
Microsoft Visual Studio Solution File, Format Version 12.00
# Visual Studio 2013
VisualStudioVersion = 12.0.21005.1
MinimumVisualStudioVersion = 10.0.40219.1
Project("{FAE04EC0-301F-11D3-BF4B-00C04F79EFBC}") = "InteropServices.UJP", "InteropServices.UJP\InteropServices.UJP.csproj", "{9C022E21-C7BD-4A30-AF9C-F96E4A5AF0B4}"
EndProject
Project("{FAE04EC0-301F-11D3-BF4B-00C04F79EFBC}") = "InteropServices.UJP.Host", "InteropServices.UJP.Host\InteropServices.UJP.Host.csproj", "{5E3467E5-DA8E-4FE3-84F0-24069D60A00E}"
EndProject
Global
	GlobalSection(TeamFoundationVersionControl) = preSolution
		SccNumberOfProjects = 3
		SccEnterpriseProvider = {4CA58AB2-18FA-4F8D-95D4-32DDF27D184C}
		SccTeamFoundationServer = http://10.11.21.108:8080/tfs/defaultcollection
		SccLocalPath0 = .
		SccProjectUniqueName1 = InteropServices.UJP.Host\\InteropServices.UJP.Host.csproj
		SccProjectName1 = InteropServices.UJP.Host
		SccLocalPath1 = InteropServices.UJP.Host
		SccProjectUniqueName2 = InteropServices.UJP\\InteropServices.UJP.csproj
		SccProjectName2 = InteropServices.UJP
		SccLocalPath2 = InteropServices.UJP
	EndGlobalSection
	GlobalSection(SolutionConfigurationPlatforms) = preSolution
		Debug|Any CPU = Debug|Any CPU
		Release|Any CPU = Release|Any CPU
	EndGlobalSection
	GlobalSection(ProjectConfigurationPlatforms) = postSolution
		{9C022E21-C7BD-4A30-AF9C-F96E4A5AF0B4}.Debug|Any CPU.ActiveCfg = Debug|Any CPU
		{9C022E21-C7BD-4A30-AF9C-F96E4A5AF0B4}.Debug|Any CPU.Build.0 = Debug|Any CPU
		{9C022E21-C7BD-4A30-AF9C-F96E4A5AF0B4}.Release|Any CPU.ActiveCfg = Release|Any CPU
		{9C022E21-C7BD-4A30-AF9C-F96E4A5AF0B4}.Release|Any CPU.Build.0 = Release|Any CPU
		{5E3467E5-DA8E-4FE3-84F0-24069D60A00E}.Debug|Any CPU.ActiveCfg = Debug|Any CPU
		{5E3467E5-DA8E-4FE3-84F0-24069D60A00E}.Debug|Any CPU.Build.0 = Debug|Any CPU
		{5E3467E5-DA8E-4FE3-84F0-24069D60A00E}.Release|Any CPU.ActiveCfg = Release|Any CPU
		{5E3467E5-DA8E-4FE3-84F0-24069D60A00E}.Release|Any CPU.Build.0 = Release|Any CPU
	EndGlobalSection
	GlobalSection(SolutionProperties) = preSolution
		HideSolutionNode = FALSE
	EndGlobalSection
EndGlobal
